
Microsoft Visual Studio Solution File, Format Version 12.00
# Visual Studio Version 17
VisualStudioVersion = 17.11.35327.3
MinimumVisualStudioVersion = 10.0.40219.1
Project("{9A19103F-16F7-4668-BE54-9A1E7A4F7556}") = "Luky Web", "Luky Web\Luky Web.csproj", "{9D29F91F-D4BA-40FB-A369-732F86530298}"
EndProject
Project("{9A19103F-16F7-4668-BE54-9A1E7A4F7556}") = "Luky.DataAccess", "Luky.DataAccess\Luky.DataAccess.csproj", "{A5EB8B14-3C61-48C9-A5D4-5BC2EC1EE7D2}"
EndProject
Project("{9A19103F-16F7-4668-BE54-9A1E7A4F7556}") = "Luky.Models", "Luky.Models\Luky.Models.csproj", "{1CE2BB34-DD97-4446-90B1-B98BC7092474}"
EndProject
Project("{9A19103F-16F7-4668-BE54-9A1E7A4F7556}") = "Luky.Utilities", "Luky.Utilities\Luky.Utilities.csproj", "{6BA63200-19B8-487E-B093-D48EC8695213}"
EndProject
Global
	GlobalSection(SolutionConfigurationPlatforms) = preSolution
		Debug|Any CPU = Debug|Any CPU
		Release|Any CPU = Release|Any CPU
	EndGlobalSection
	GlobalSection(ProjectConfigurationPlatforms) = postSolution
		{9D29F91F-D4BA-40FB-A369-732F86530298}.Debug|Any CPU.ActiveCfg = Debug|Any CPU
		{9D29F91F-D4BA-40FB-A369-732F86530298}.Debug|Any CPU.Build.0 = Debug|Any CPU
		{9D29F91F-D4BA-40FB-A369-732F86530298}.Release|Any CPU.ActiveCfg = Release|Any CPU
		{9D29F91F-D4BA-40FB-A369-732F86530298}.Release|Any CPU.Build.0 = Release|Any CPU
		{A5EB8B14-3C61-48C9-A5D4-5BC2EC1EE7D2}.Debug|Any CPU.ActiveCfg = Debug|Any CPU
		{A5EB8B14-3C61-48C9-A5D4-5BC2EC1EE7D2}.Debug|Any CPU.Build.0 = Debug|Any CPU
		{A5EB8B14-3C61-48C9-A5D4-5BC2EC1EE7D2}.Release|Any CPU.ActiveCfg = Release|Any CPU
		{A5EB8B14-3C61-48C9-A5D4-5BC2EC1EE7D2}.Release|Any CPU.Build.0 = Release|Any CPU
		{1CE2BB34-DD97-4446-90B1-B98BC7092474}.Debug|Any CPU.ActiveCfg = Debug|Any CPU
		{1CE2BB34-DD97-4446-90B1-B98BC7092474}.Debug|Any CPU.Build.0 = Debug|Any CPU
		{1CE2BB34-DD97-4446-90B1-B98BC7092474}.Release|Any CPU.ActiveCfg = Release|Any CPU
		{1CE2BB34-DD97-4446-90B1-B98BC7092474}.Release|Any CPU.Build.0 = Release|Any CPU
		{6BA63200-19B8-487E-B093-D48EC8695213}.Debug|Any CPU.ActiveCfg = Debug|Any CPU
		{6BA63200-19B8-487E-B093-D48EC8695213}.Debug|Any CPU.Build.0 = Debug|Any CPU
		{6BA63200-19B8-487E-B093-D48EC8695213}.Release|Any CPU.ActiveCfg = Release|Any CPU
		{6BA63200-19B8-487E-B093-D48EC8695213}.Release|Any CPU.Build.0 = Release|Any CPU
	EndGlobalSection
	GlobalSection(SolutionProperties) = preSolution
		HideSolutionNode = FALSE
	EndGlobalSection
	GlobalSection(ExtensibilityGlobals) = postSolution
		SolutionGuid = {B8B88084-87D6-4D25-992B-D461F2BE24E8}
	EndGlobalSection
EndGlobal
