
Microsoft Visual Studio Solution File, Format Version 12.00
# Visual Studio Version 17
VisualStudioVersion = 17.11.35327.3
MinimumVisualStudioVersion = 10.0.40219.1
Project("{9A19103F-16F7-4668-BE54-9A1E7A4F7556}") = "Lukyweb_Razor", "C:\Users\hp\OneDrive\Desktop\Lukyweb_Razor\Lukyweb_Razor.csproj", "{48FEC00D-E980-4C62-BD63-D58F162D65F8}"
EndProject
Global
	GlobalSection(SolutionConfigurationPlatforms) = preSolution
		Debug|Any CPU = Debug|Any CPU
		Release|Any CPU = Release|Any CPU
	EndGlobalSection
	GlobalSection(ProjectConfigurationPlatforms) = postSolution
		{48FEC00D-E980-4C62-BD63-D58F162D65F8}.Debug|Any CPU.ActiveCfg = Debug|Any CPU
		{48FEC00D-E980-4C62-BD63-D58F162D65F8}.Debug|Any CPU.Build.0 = Debug|Any CPU
		{48FEC00D-E980-4C62-BD63-D58F162D65F8}.Release|Any CPU.ActiveCfg = Release|Any CPU
		{48FEC00D-E980-4C62-BD63-D58F162D65F8}.Release|Any CPU.Build.0 = Release|Any CPU
	EndGlobalSection
	GlobalSection(SolutionProperties) = preSolution
		HideSolutionNode = FALSE
	EndGlobalSection
	GlobalSection(ExtensibilityGlobals) = postSolution
		SolutionGuid = {0EF1247A-AC51-4658-888E-57AD89AB951A}
	EndGlobalSection
EndGlobal
